{
    "_meta": {
        "hash": {
            "sha256": "b09a68d29f698df691a66e8572cf7f94b0e9dec2e29ed05ff01a842888218b4d"
        },
        "pipfile-spec": 6,
        "requires": {
            "python_version": "3.9"
        },
        "sources": [
            {
                "name": "pypi",
                "url": "https://pypi.org/simple",
                "verify_ssl": true
            }
        ]
    },
    "default": {
        "async-timeout": {
            "hashes": [
                "sha256:39e3809566ff85354557ec2398b55e096c8364bacac9405a7a1fa429e77fe76c",
                "sha256:d9321a7a3d5a6a5e187e824d2fa0793ce379a202935782d555d6e9d2735677d3"
            ],
            "markers": "python_version >= '3.8'",
            "version": "==5.0.1"
        },
        "redis": {
            "hashes": [
                "sha256:c8ddf316ee0aab65f04a11229e94a64b2618451dab7a67cb2f77eb799d872d5e",
                "sha256:e821f129b75dde6cb99dd35e5c76e8c49512a5a0d8dfdc560b2fbd44b85ca977"
            ],
            "index": "pypi",
            "markers": "python_version >= '3.9'",
            "version": "==6.2.0"
        }
    },
    "develop": {}
}
